schema: '2.0'
stages:
  prepare:
    cmd: python src/prepare.py
    deps:
    - path: src/prepare.py
      hash: md5
      md5: ab37e2b91b91508bc16966503d26fece
      size: 676
    outs:
    - path: data/raw
      hash: md5
      md5: 23b0000338669d2c61217dbd94633aa0.dir
      size: 54950512
      nfiles: 4
  preprocess:
    cmd: python src/preprocess.py
    deps:
    - path: data/raw
      hash: md5
      md5: 23b0000338669d2c61217dbd94633aa0.dir
      size: 54950512
      nfiles: 4
    - path: src/preprocess.py
      hash: md5
      md5: c5c17e7ee7cf2d48428b8ce3e0a49864
      size: 1542
    params:
      params.yaml:
        preprocess.random_state: 42
        preprocess.validation_split: 0.1
    outs:
    - path: data/processed
      hash: md5
      md5: 23e1cda30d0a6663bfb783bcb4bb8fcd.dir
      size: 219590768
      nfiles: 6
  train:
    cmd: python src/train.py
    deps:
    - path: data/processed
      hash: md5
      md5: 23e1cda30d0a6663bfb783bcb4bb8fcd.dir
      size: 219590768
      nfiles: 6
    - path: src/train.py
      hash: md5
      md5: 92ecbdd560a54980cb9c3f543420591f
      size: 1747
    params:
      params.yaml:
        train.batch_size: 32
        train.dropout: 0.2
        train.epochs: 10
        train.hidden_units: 256
        train.learning_rate: 0.001
    outs:
    - path: models/history.csv
      hash: md5
      md5: 986dc6665031534ad4574486ce730371
      size: 813
    - path: models/model.h5
      hash: md5
      md5: c8209e06b1153be234bec7a679c8cf2e
      size: 2466904
  evaluate:
    cmd: python src/evaluate.py
    deps:
    - path: data/processed
      hash: md5
      md5: 23e1cda30d0a6663bfb783bcb4bb8fcd.dir
      size: 219590768
      nfiles: 6
    - path: models/model.h5
      hash: md5
      md5: c8209e06b1153be234bec7a679c8cf2e
      size: 2466904
    - path: src/evaluate.py
      hash: md5
      md5: 5d29e7d0fb1c016b87dbc143c7540579
      size: 1187
    outs:
    - path: confusion_matrix.png
      hash: md5
      md5: 7a3f3afc0b86c9ddfb23d2a5e734c62b
      size: 48344
    - path: metrics.json
      hash: md5
      md5: af49d17e99d276bc2e106fa2645de0ab
      size: 83
